github.com/hankchizljaw/modern-css-reset v0.0.0-20210118105237-e7500a6c7fa3/go.mod h1:ap+WKyyJNJvvmdhCQ+VmdP+Q4rgzSkrCkCRlQ69N/jo=
gitlab.com/goodimpact/every-layout-css v0.0.0-20211003224435-40d7921ce60f/go.mod h1:cBM2FnF4tvjSUw+eWlCQ9Pt9eMGguyvm4CwzAcYalys=
gitlab.com/goodimpact/every-layout-css v0.0.0-20211003234915-5b0e75de8430/go.mod h1:cBM2FnF4tvjSUw+eWlCQ9Pt9eMGguyvm4CwzAcYalys=
gitlab.com/goodimpact/every-layout-wc v0.0.0-20210715225714-a9629e5e8f4a/go.mod h1:JI47MJnTDNgIXwh0bRHdTtRW44zurYCeiOE3GVExCz4=
gitlab.com/goodimpact/goodimpact-hugo/modules/base-structure v0.0.0-20211003224547-2238b19c5c47/go.mod h1:jejZqc7rh8gxVZEKdol23eE83F7I3CI85SmXZElGLFs=
gitlab.com/goodimpact/goodimpact-hugo/modules/base-structure v0.0.0-20211003234944-29b96cc18653 h1:rO9A0ZwZ6HkzTcyAmUFUmM6Pd0yQlsqtLZYx+8VH3Ww=
gitlab.com/goodimpact/goodimpact-hugo/modules/base-structure v0.0.0-20211003234944-29b96cc18653/go.mod h1:oNdC2WKziXM9h2uA25HmURCpZQSOT9/2SAuM6wyt1gE=
gitlab.com/neotericdesign-tools/hugo-content-module-style-guides.git v0.0.0-20200513165827-e43fa80f0593/go.mod h1:p+A5GOjgLL7ajjbNwmRajJEhZ0ccEq+zLJAPkql0qs8=
