github.com/hankchizljaw/modern-css-reset v0.0.0-20210118105237-e7500a6c7fa3/go.mod h1:ap+WKyyJNJvvmdhCQ+VmdP+Q4rgzSkrCkCRlQ69N/jo=
gitlab.com/goodimpact/every-layout-css v0.0.0-20211013212957-43de02256dfe/go.mod h1:cBM2FnF4tvjSUw+eWlCQ9Pt9eMGguyvm4CwzAcYalys=
gitlab.com/goodimpact/every-layout-css v0.0.0-20211020150925-13d08d600f37/go.mod h1:cBM2FnF4tvjSUw+eWlCQ9Pt9eMGguyvm4CwzAcYalys=
gitlab.com/goodimpact/every-layout-wc v0.0.0-20210715225714-a9629e5e8f4a/go.mod h1:JI47MJnTDNgIXwh0bRHdTtRW44zurYCeiOE3GVExCz4=
gitlab.com/goodimpact/goodimpact-hugo/modules/base-structure v0.0.0-20211013213049-d309c80c4886/go.mod h1:ejBnxXLPgIYs8QYo6JZcb590K4DGpldjUGEX/qwK3gY=
gitlab.com/goodimpact/goodimpact-hugo/modules/base-structure v0.0.0-20211020151049-5817d3f247a4 h1:MRktSDHNNrVjczf3Dn0LcRw41LivlzQe3C/IwWVmOWU=
gitlab.com/goodimpact/goodimpact-hugo/modules/base-structure v0.0.0-20211020151049-5817d3f247a4/go.mod h1:bjXNsD9gkwnxELKc7zmn/td+OLdJTAwbocP59iL6zCY=
gitlab.com/neotericdesign-tools/hugo-content-module-style-guides.git v0.0.0-20200513165827-e43fa80f0593/go.mod h1:p+A5GOjgLL7ajjbNwmRajJEhZ0ccEq+zLJAPkql0qs8=
